
Microsoft Visual Studio Solution File, Format Version 12.00
# Visual Studio Version 16
VisualStudioVersion = 16.0.29102.190
MinimumVisualStudioVersion = 10.0.40219.1
Project("{FAE04EC0-301F-11D3-BF4B-00C04F79EFBC}") = "Practica1CS", "Practica1CS\Practica1CS.csproj", "{D3974D28-AE0E-4C24-AAA3-D9FFF03FF1A7}"
EndProject
Global
	GlobalSection(SolutionConfigurationPlatforms) = preSolution
		Debug|Any CPU = Debug|Any CPU
		Release|Any CPU = Release|Any CPU
	EndGlobalSection
	GlobalSection(ProjectConfigurationPlatforms) = postSolution
		{D3974D28-AE0E-4C24-AAA3-D9FFF03FF1A7}.Debug|Any CPU.ActiveCfg = Debug|Any CPU
		{D3974D28-AE0E-4C24-AAA3-D9FFF03FF1A7}.Debug|Any CPU.Build.0 = Debug|Any CPU
		{D3974D28-AE0E-4C24-AAA3-D9FFF03FF1A7}.Release|Any CPU.ActiveCfg = Release|Any CPU
		{D3974D28-AE0E-4C24-AAA3-D9FFF03FF1A7}.Release|Any CPU.Build.0 = Release|Any CPU
	EndGlobalSection
	GlobalSection(SolutionProperties) = preSolution
		HideSolutionNode = FALSE
	EndGlobalSection
	GlobalSection(ExtensibilityGlobals) = postSolution
		SolutionGuid = {49CBA8F0-6D35-4A56-B89C-F151BD239F22}
	EndGlobalSection
EndGlobal
